
Microsoft Visual Studio Solution File, Format Version 12.00
# Visual Studio 15
VisualStudioVersion = 15.0.28010.2003
MinimumVisualStudioVersion = 10.0.40219.1
Project("{FAE04EC0-301F-11D3-BF4B-00C04F79EFBC}") = "Server", "Server\Server.csproj", "{A6AB279B-42A1-4752-B84A-E8A96F137CC1}"
EndProject
Project("{FAE04EC0-301F-11D3-BF4B-00C04F79EFBC}") = "Client", "Client\Client.csproj", "{221FC5EE-501D-4BA1-9A1B-6AD23C582797}"
EndProject
Project("{FAE04EC0-301F-11D3-BF4B-00C04F79EFBC}") = "SSCommonLib", "SSCommonLib\SSCommonLib.csproj", "{00D23684-E98D-4A46-AF87-702C0A1903EB}"
EndProject
Global
	GlobalSection(SolutionConfigurationPlatforms) = preSolution
		Debug|Any CPU = Debug|Any CPU
		Release|Any CPU = Release|Any CPU
	EndGlobalSection
	GlobalSection(ProjectConfigurationPlatforms) = postSolution
		{A6AB279B-42A1-4752-B84A-E8A96F137CC1}.Debug|Any CPU.ActiveCfg = Debug|Any CPU
		{A6AB279B-42A1-4752-B84A-E8A96F137CC1}.Debug|Any CPU.Build.0 = Debug|Any CPU
		{A6AB279B-42A1-4752-B84A-E8A96F137CC1}.Release|Any CPU.ActiveCfg = Release|Any CPU
		{A6AB279B-42A1-4752-B84A-E8A96F137CC1}.Release|Any CPU.Build.0 = Release|Any CPU
		{221FC5EE-501D-4BA1-9A1B-6AD23C582797}.Debug|Any CPU.ActiveCfg = Debug|Any CPU
		{221FC5EE-501D-4BA1-9A1B-6AD23C582797}.Debug|Any CPU.Build.0 = Debug|Any CPU
		{221FC5EE-501D-4BA1-9A1B-6AD23C582797}.Release|Any CPU.ActiveCfg = Release|Any CPU
		{221FC5EE-501D-4BA1-9A1B-6AD23C582797}.Release|Any CPU.Build.0 = Release|Any CPU
		{00D23684-E98D-4A46-AF87-702C0A1903EB}.Debug|Any CPU.ActiveCfg = Debug|Any CPU
		{00D23684-E98D-4A46-AF87-702C0A1903EB}.Debug|Any CPU.Build.0 = Debug|Any CPU
		{00D23684-E98D-4A46-AF87-702C0A1903EB}.Release|Any CPU.ActiveCfg = Release|Any CPU
		{00D23684-E98D-4A46-AF87-702C0A1903EB}.Release|Any CPU.Build.0 = Release|Any CPU
	EndGlobalSection
	GlobalSection(SolutionProperties) = preSolution
		HideSolutionNode = FALSE
	EndGlobalSection
	GlobalSection(ExtensibilityGlobals) = postSolution
		SolutionGuid = {6631DE33-ACBD-42CF-A223-AA344D015142}
	EndGlobalSection
EndGlobal
